<?xml version="1.0" encoding="utf-8"?>
<Project ToolsVersion="4.0" xmlns="http://schemas.microsoft.com/developer/msbuild/2003">
  <ItemGroup>
    <Filter Include="src">
      <UniqueIdentifier>{b8d996ae-0c67-4752-a1ef-9fc25f28feec}</UniqueIdentifier>
    </Filter>
    <Filter Include="src\common">
      <UniqueIdentifier>{6a17a054-2c7c-42c5-9b62-84da7e23da58}</UniqueIdentifier>
    </Filter>
    <Filter Include="src\device_worker">
      <UniqueIdentifier>{054b3ffd-c69c-40e0-ac19-a92655e7ef1b}</UniqueIdentifier>
    </Filter>
    <Filter Include="src\exception">
      <UniqueIdentifier>{a3ee9d7e-85f6-488f-b393-2a6f52c0ddf0}</UniqueIdentifier>
    </Filter>
    <Filter Include="src\external">
      <UniqueIdentifier>{550f2038-f247-49ba-80a7-4dca9dd951d0}</UniqueIdentifier>
    </Filter>
    <Filter Include="src\physical_volume">
      <UniqueIdentifier>{6f2e9ebb-1567-402a-b445-0569f2feb76f}</UniqueIdentifier>
    </Filter>
    <Filter Include="src\storage">
      <UniqueIdentifier>{317c5df6-7782-49a9-9e9f-58278a7a7646}</UniqueIdentifier>
    </Filter>
    <Filter Include="src\volume_group">
      <UniqueIdentifier>{326e982b-3b99-49e2-930f-275a8f4fc88c}</UniqueIdentifier>
    </Filter>
    <Filter Include="src\device_worker\devices">
      <UniqueIdentifier>{b85f3973-089b-42c2-869d-32b07eed60ee}</UniqueIdentifier>
    </Filter>
    <Filter Include="src\device_worker\devices\file_device">
      <UniqueIdentifier>{e33a04b6-d6d8-4d7c-b068-eacd0831ea95}</UniqueIdentifier>
    </Filter>
    <Filter Include="src\device_worker\devices\mapped_device">
      <UniqueIdentifier>{39a3026a-ff27-4aba-8baf-680cc96de02f}</UniqueIdentifier>
    </Filter>
    <Filter Include="src\physical_volume\physical_volume_layout">
      <UniqueIdentifier>{de3da419-66b0-43fa-9d4d-7045562661ae}</UniqueIdentifier>
    </Filter>
    <Filter Include="src\physical_volume\physical_volume_layout\headers">
      <UniqueIdentifier>{d86c50eb-4b2b-45c9-8618-4c85682f517b}</UniqueIdentifier>
    </Filter>
    <Filter Include="src\utils">
      <UniqueIdentifier>{d2145cd5-f1b4-4df9-8fbe-3dc28ff4f37a}</UniqueIdentifier>
    </Filter>
  </ItemGroup>
  <ItemGroup>
    <ClCompile Include="src\main.cpp">
      <Filter>src</Filter>
    </ClCompile>
    <ClCompile Include="src\storage\Storage.hpp">
      <Filter>src\storage</Filter>
    </ClCompile>
    <ClCompile Include="src\device_worker\devices\FileDevice.cpp">
      <Filter>src\device_worker\devices\file_device</Filter>
    </ClCompile>
    <ClCompile Include="src\device_worker\devices\MappedDevice.cpp">
      <Filter>src\device_worker\devices\mapped_device</Filter>
    </ClCompile>
  </ItemGroup>
  <ItemGroup>
    <ClInclude Include="src\common\settings.hpp">
      <Filter>src\common</Filter>
    </ClInclude>
    <ClInclude Include="src\external\filesystem.h">
      <Filter>src\external</Filter>
    </ClInclude>
    <ClInclude Include="src\storage\storage_errors.hpp">
      <Filter>src\storage</Filter>
    </ClInclude>
    <ClInclude Include="src\device_worker\devices\IDevice.hpp">
      <Filter>src\device_worker\devices</Filter>
    </ClInclude>
    <ClInclude Include="src\external\expected.h">
      <Filter>src\external</Filter>
    </ClInclude>
    <ClInclude Include="src\device_worker\devices\FileDevice.hpp">
      <Filter>src\device_worker\devices\file_device</Filter>
    </ClInclude>
    <ClInclude Include="src\device_worker\devices\MappedDevice.hpp">
      <Filter>src\device_worker\devices\mapped_device</Filter>
    </ClInclude>
    <ClInclude Include="src\device_worker\DeviceManager.hpp">
      <Filter>src\device_worker</Filter>
    </ClInclude>
    <ClInclude Include="src\volume_group\VolumeGroup.hpp">
      <Filter>src\volume_group</Filter>
    </ClInclude>
    <ClInclude Include="src\physical_volume\physical_volume_layout\pv_version.h">
      <Filter>src\physical_volume\physical_volume_layout</Filter>
    </ClInclude>
    <ClInclude Include="src\physical_volume\physical_volume_layout\pv_layout_headers.h">
      <Filter>src\physical_volume\physical_volume_layout\headers</Filter>
    </ClInclude>
    <ClInclude Include="src\physical_volume\physical_volume_layout\pv_layout_types_headers.h">
      <Filter>src\physical_volume\physical_volume_layout\headers</Filter>
    </ClInclude>
    <ClInclude Include="src\common\common.h">
      <Filter>src\common</Filter>
    </ClInclude>
    <ClInclude Include="src\utils\Time.hpp">
      <Filter>src\utils</Filter>
    </ClInclude>
  </ItemGroup>
</Project>