<?xml version="1.0" encoding="utf-8"?>
<Project ToolsVersion="4.0" xmlns="http://schemas.microsoft.com/developer/msbuild/2003">
  <ItemGroup>
    <Filter Include="src">
      <UniqueIdentifier>{b8d996ae-0c67-4752-a1ef-9fc25f28feec}</UniqueIdentifier>
    </Filter>
    <Filter Include="src\common">
      <UniqueIdentifier>{6a17a054-2c7c-42c5-9b62-84da7e23da58}</UniqueIdentifier>
    </Filter>
    <Filter Include="src\exception">
      <UniqueIdentifier>{a3ee9d7e-85f6-488f-b393-2a6f52c0ddf0}</UniqueIdentifier>
    </Filter>
    <Filter Include="src\physical_volume">
      <UniqueIdentifier>{6f2e9ebb-1567-402a-b445-0569f2feb76f}</UniqueIdentifier>
    </Filter>
    <Filter Include="src\storage">
      <UniqueIdentifier>{317c5df6-7782-49a9-9e9f-58278a7a7646}</UniqueIdentifier>
    </Filter>
    <Filter Include="src\utils">
      <UniqueIdentifier>{d2145cd5-f1b4-4df9-8fbe-3dc28ff4f37a}</UniqueIdentifier>
    </Filter>
    <Filter Include="ext">
      <UniqueIdentifier>{79709727-e685-4a52-b4d6-cb00da9724c4}</UniqueIdentifier>
    </Filter>
    <Filter Include="ext\expected">
      <UniqueIdentifier>{ce42214e-db62-42fe-9fd8-4675c1c459be}</UniqueIdentifier>
    </Filter>
    <Filter Include="include">
      <UniqueIdentifier>{aa19e795-db19-4e3a-b3fc-31cff3637bc2}</UniqueIdentifier>
    </Filter>
    <Filter Include="src\inverted_index_helper">
      <UniqueIdentifier>{9ca1e68b-01a7-4f8e-b3cf-6dd4981c3e81}</UniqueIdentifier>
    </Filter>
    <Filter Include="src\devices">
      <UniqueIdentifier>{054b3ffd-c69c-40e0-ac19-a92655e7ef1b}</UniqueIdentifier>
    </Filter>
  </ItemGroup>
  <ItemGroup>
    <ClCompile Include="src\main.cpp">
      <Filter>src</Filter>
    </ClCompile>
    <ClCompile Include="src\storage\Storage.hpp">
      <Filter>src\storage</Filter>
    </ClCompile>
  </ItemGroup>
  <ItemGroup>
    <ClInclude Include="src\common\settings.hpp">
      <Filter>src\common</Filter>
    </ClInclude>
    <ClInclude Include="src\storage\storage_errors.hpp">
      <Filter>src\storage</Filter>
    </ClInclude>
    <ClInclude Include="src\utils\Time.hpp">
      <Filter>src\utils</Filter>
    </ClInclude>
    <ClInclude Include="src\common\macros.h">
      <Filter>src\common</Filter>
    </ClInclude>
    <ClInclude Include="src\common\common.h">
      <Filter>src\common</Filter>
    </ClInclude>
    <ClInclude Include="src\utils\Version.hpp">
      <Filter>src\utils</Filter>
    </ClInclude>
    <ClInclude Include="src\utils\serialization_utils.h">
      <Filter>src\utils</Filter>
    </ClInclude>
    <ClInclude Include="src\storage\PVManagerFactory.hpp">
      <Filter>src\storage</Filter>
    </ClInclude>
    <ClInclude Include="src\physical_volume\pv_layout_headers.h">
      <Filter>src\physical_volume</Filter>
    </ClInclude>
    <ClInclude Include="src\common\filesystem.h">
      <Filter>src\common</Filter>
    </ClInclude>
    <ClInclude Include="ext\expected\expected.h">
      <Filter>ext\expected</Filter>
    </ClInclude>
    <ClInclude Include="src\common\offset_type_traits.hpp">
      <Filter>src\common</Filter>
    </ClInclude>
    <ClInclude Include="src\storage\IStorage.hpp">
      <Filter>src\storage</Filter>
    </ClInclude>
    <ClInclude Include="src\storage\PVManager.hpp">
      <Filter>src\storage</Filter>
    </ClInclude>
    <ClInclude Include="src\inverted_index_helper\AhoCorasickEngine.hpp">
      <Filter>src\inverted_index_helper</Filter>
    </ClInclude>
    <ClInclude Include="src\inverted_index_helper\AhoCorasickSerializationHelper.hpp">
      <Filter>src\inverted_index_helper</Filter>
    </ClInclude>
    <ClInclude Include="src\inverted_index_helper\id_type_type_traits.hpp">
      <Filter>src\inverted_index_helper</Filter>
    </ClInclude>
    <ClInclude Include="src\inverted_index_helper\InvertedIndexHelper.hpp">
      <Filter>src\inverted_index_helper</Filter>
    </ClInclude>
    <ClInclude Include="src\inverted_index_helper\leaf_type_traits.hpp">
      <Filter>src\inverted_index_helper</Filter>
    </ClInclude>
    <ClInclude Include="src\inverted_index_helper\aho_corasick_serialization_headers.hpp">
      <Filter>src\inverted_index_helper</Filter>
    </ClInclude>
    <ClInclude Include="src\devices\FileDevice.hpp">
      <Filter>src\devices</Filter>
    </ClInclude>
    <ClInclude Include="src\devices\TestDevice.hpp">
      <Filter>src\devices</Filter>
    </ClInclude>
    <ClInclude Include="src\physical_volume\PVDeviceDataReaderWriter.hpp">
      <Filter>src\physical_volume</Filter>
    </ClInclude>
    <ClInclude Include="src\physical_volume\FreelistHelper.hpp">
      <Filter>src\physical_volume</Filter>
    </ClInclude>
    <ClInclude Include="src\physical_volume\PVEntriesManager.hpp">
      <Filter>src\physical_volume</Filter>
    </ClInclude>
    <ClInclude Include="src\physical_volume\EntriesTypeConverter.hpp">
      <Filter>src\physical_volume</Filter>
    </ClInclude>
    <ClInclude Include="src\exceptions\YASException.hpp">
      <Filter>src\exception</Filter>
    </ClInclude>
    <ClInclude Include="src\exceptions\ExceptionHandler.hpp">
      <Filter>src\exception</Filter>
    </ClInclude>
  </ItemGroup>
</Project>